PODS:
  - CHIPageControl (0.2):
    - CHIPageControl/Aji (= 0.2)
    - CHIPageControl/Aleppo (= 0.2)
    - CHIPageControl/Chimayo (= 0.2)
    - CHIPageControl/Fresno (= 0.2)
    - CHIPageControl/Jalapeno (= 0.2)
    - CHIPageControl/Jaloro (= 0.2)
    - CHIPageControl/Paprika (= 0.2)
    - CHIPageControl/Puya (= 0.2)
  - CHIPageControl/Aji (0.2)
  - CHIPageControl/Aleppo (0.2)
  - CHIPageControl/Chimayo (0.2)
  - CHIPageControl/Fresno (0.2)
  - CHIPageControl/Jalapeno (0.2)
  - CHIPageControl/Jaloro (0.2)
  - CHIPageControl/Paprika (0.2)
  - CHIPageControl/Puya (0.2)

DEPENDENCIES:
  - CHIPageControl (from `../`)

EXTERNAL SOURCES:
  CHIPageControl:
    :path: "../"

SPEC CHECKSUMS:
  CHIPageControl: 00a7dd7f640777fc07574675fb9b9e4e7b9eca5e

PODFILE CHECKSUM: 12ee431dababcab4ccfd8a73d2a2b36aaf62fe16

COCOAPODS: 1.9.3
