// !$*UTF8*$!
{
	archiveVersion = 1;
	classes = {
	};
	objectVersion = 50;
	objects = {

/* Begin PBXBuildFile section */
		EA4479CA252315AA00100BE9 /* AppDelegate.swift in Sources */ = {isa = PBXBuildFile; fileRef = EA4479C9252315AA00100BE9 /* AppDelegate.swift */; };
		EA4479CC252315AA00100BE9 /* SceneDelegate.swift in Sources */ = {isa = PBXBuildFile; fileRef = EA4479CB252315AA00100BE9 /* SceneDelegate.swift */; };
		EA4479CE252315AA00100BE9 /* ViewController.swift in Sources */ = {isa = PBXBuildFile; fileRef = EA4479CD252315AA00100BE9 /* ViewController.swift */; };
		EA4479D1252315AA00100BE9 /* Main.storyboard in Resources */ = {isa = PBXBuildFile; fileRef = EA4479CF252315AA00100BE9 /* Main.storyboard */; };
		EA4479D3252315AB00100BE9 /* Assets.xcassets in Resources */ = {isa = PBXBuildFile; fileRef = EA4479D2252315AB00100BE9 /* Assets.xcassets */; };
		EA4479D6252315AB00100BE9 /* LaunchScreen.storyboard in Resources */ = {isa = PBXBuildFile; fileRef = EA4479D4252315AB00100BE9 /* LaunchScreen.storyboard */; };
		F400B8551451679081FF9ACA /* Pods_Example_iOS_5.framework in Frameworks */ = {isa = PBXBuildFile; fileRef = C4B9E202EE447970F6F2F721 /* Pods_Example_iOS_5.framework */; };
/* End PBXBuildFile section */

/* Begin PBXFileReference section */
		113B23B9858C07A760181ABB /* Pods-Example_iOS_5.release.xcconfig */ = {isa = PBXFileReference; includeInIndex = 1; lastKnownFileType = text.xcconfig; name = "Pods-Example_iOS_5.release.xcconfig"; path = "Target Support Files/Pods-Example_iOS_5/Pods-Example_iOS_5.release.xcconfig"; sourceTree = "<group>"; };
		3991B4DC1D75AD96E15239A7 /* Pods-Example_iOS_5.debug.xcconfig */ = {isa = PBXFileReference; includeInIndex = 1; lastKnownFileType = text.xcconfig; name = "Pods-Example_iOS_5.debug.xcconfig"; path = "Target Support Files/Pods-Example_iOS_5/Pods-Example_iOS_5.debug.xcconfig"; sourceTree = "<group>"; };
		C4B9E202EE447970F6F2F721 /* Pods_Example_iOS_5.framework */ = {isa = PBXFileReference; explicitFileType = wrapper.framework; includeInIndex = 0; path = Pods_Example_iOS_5.framework; sourceTree = BUILT_PRODUCTS_DIR; };
		EA4479C6252315AA00100BE9 /* Example_iOS_5.app */ = {isa = PBXFileReference; explicitFileType = wrapper.application; includeInIndex = 0; path = Example_iOS_5.app; sourceTree = BUILT_PRODUCTS_DIR; };
		EA4479C9252315AA00100BE9 /* AppDelegate.swift */ = {isa = PBXFileReference; lastKnownFileType = sourcecode.swift; path = AppDelegate.swift; sourceTree = "<group>"; };
		EA4479CB252315AA00100BE9 /* SceneDelegate.swift */ = {isa = PBXFileReference; lastKnownFileType = sourcecode.swift; path = SceneDelegate.swift; sourceTree = "<group>"; };
		EA4479CD252315AA00100BE9 /* ViewController.swift */ = {isa = PBXFileReference; lastKnownFileType = sourcecode.swift; path = ViewController.swift; sourceTree = "<group>"; };
		EA4479D0252315AA00100BE9 /* Base */ = {isa = PBXFileReference; lastKnownFileType = file.storyboard; name = Base; path = Base.lproj/Main.storyboard; sourceTree = "<group>"; };
		EA4479D2252315AB00100BE9 /* Assets.xcassets */ = {isa = PBXFileReference; lastKnownFileType = folder.assetcatalog; path = Assets.xcassets; sourceTree = "<group>"; };
		EA4479D5252315AB00100BE9 /* Base */ = {isa = PBXFileReference; lastKnownFileType = file.storyboard; name = Base; path = Base.lproj/LaunchScreen.storyboard; sourceTree = "<group>"; };
		EA4479D7252315AB00100BE9 /* Info.plist */ = {isa = PBXFileReference; lastKnownFileType = text.plist.xml; path = Info.plist; sourceTree = "<group>"; };
/* End PBXFileReference section */

/* Begin PBXFrameworksBuildPhase section */
		EA4479C3252315AA00100BE9 /* Frameworks */ = {
			isa = PBXFrameworksBuildPhase;
			buildActionMask = 2147483647;
			files = (
				F400B8551451679081FF9ACA /* Pods_Example_iOS_5.framework in Frameworks */,
			);
			runOnlyForDeploymentPostprocessing = 0;
		};
/* End PBXFrameworksBuildPhase section */

/* Begin PBXGroup section */
		2AA5960676B35735DB2326BF /* Pods */ = {
			isa = PBXGroup;
			children = (
				3991B4DC1D75AD96E15239A7 /* Pods-Example_iOS_5.debug.xcconfig */,
				113B23B9858C07A760181ABB /* Pods-Example_iOS_5.release.xcconfig */,
			);
			name = Pods;
			path = Pods;
			sourceTree = "<group>";
		};
		CDAEC57B3B906D1E2F33AF16 /* Frameworks */ = {
			isa = PBXGroup;
			children = (
				C4B9E202EE447970F6F2F721 /* Pods_Example_iOS_5.framework */,
			);
			name = Frameworks;
			sourceTree = "<group>";
		};
		EA4479BD252315AA00100BE9 = {
			isa = PBXGroup;
			children = (
				EA4479C8252315AA00100BE9 /* Example_iOS_5 */,
				EA4479C7252315AA00100BE9 /* Products */,
				2AA5960676B35735DB2326BF /* Pods */,
				CDAEC57B3B906D1E2F33AF16 /* Frameworks */,
			);
			sourceTree = "<group>";
		};
		EA4479C7252315AA00100BE9 /* Products */ = {
			isa = PBXGroup;
			children = (
				EA4479C6252315AA00100BE9 /* Example_iOS_5.app */,
			);
			name = Products;
			sourceTree = "<group>";
		};
		EA4479C8252315AA00100BE9 /* Example_iOS_5 */ = {
			isa = PBXGroup;
			children = (
				EA4479C9252315AA00100BE9 /* AppDelegate.swift */,
				EA4479CB252315AA00100BE9 /* SceneDelegate.swift */,
				EA4479CD252315AA00100BE9 /* ViewController.swift */,
				EA4479CF252315AA00100BE9 /* Main.storyboard */,
				EA4479D2252315AB00100BE9 /* Assets.xcassets */,
				EA4479D4252315AB00100BE9 /* LaunchScreen.storyboard */,
				EA4479D7252315AB00100BE9 /* Info.plist */,
			);
			path = Example_iOS_5;
			sourceTree = "<group>";
		};
/* End PBXGroup section */

/* Begin PBXNativeTarget section */
		EA4479C5252315AA00100BE9 /* Example_iOS_5 */ = {
			isa = PBXNativeTarget;
			buildConfigurationList = EA4479DA252315AB00100BE9 /* Build configuration list for PBXNativeTarget "Example_iOS_5" */;
			buildPhases = (
				EEE8081176EB8612A0B283BE /* [CP] Check Pods Manifest.lock */,
				EA4479C2252315AA00100BE9 /* Sources */,
				EA4479C3252315AA00100BE9 /* Frameworks */,
				EA4479C4252315AA00100BE9 /* Resources */,
				17951E7EDDF40949387863DE /* [CP] Embed Pods Frameworks */,
			);
			buildRules = (
			);
			dependencies = (
			);
			name = Example_iOS_5;
			productName = Example_iOS_5;
			productReference = EA4479C6252315AA00100BE9 /* Example_iOS_5.app */;
			productType = "com.apple.product-type.application";
		};
/* End PBXNativeTarget section */

/* Begin PBXProject section */
		EA4479BE252315AA00100BE9 /* Project object */ = {
			isa = PBXProject;
			attributes = {
				LastSwiftUpdateCheck = 1200;
				LastUpgradeCheck = 1200;
				TargetAttributes = {
					EA4479C5252315AA00100BE9 = {
						CreatedOnToolsVersion = 12.0.1;
					};
				};
			};
			buildConfigurationList = EA4479C1252315AA00100BE9 /* Build configuration list for PBXProject "Example_iOS_5" */;
			compatibilityVersion = "Xcode 9.3";
			developmentRegion = en;
			hasScannedForEncodings = 0;
			knownRegions = (
				en,
				Base,
			);
			mainGroup = EA4479BD252315AA00100BE9;
			productRefGroup = EA4479C7252315AA00100BE9 /* Products */;
			projectDirPath = "";
			projectRoot = "";
			targets = (
				EA4479C5252315AA00100BE9 /* Example_iOS_5 */,
			);
		};
/* End PBXProject section */

/* Begin PBXResourcesBuildPhase section */
		EA4479C4252315AA00100BE9 /* Resources */ = {
			isa = PBXResourcesBuildPhase;
			buildActionMask = 2147483647;
			files = (
				EA4479D6252315AB00100BE9 /* LaunchScreen.storyboard in Resources */,
				EA4479D3252315AB00100BE9 /* Assets.xcassets in Resources */,
				EA4479D1252315AA00100BE9 /* Main.storyboard in Resources */,
			);
			runOnlyForDeploymentPostprocessing = 0;
		};
/* End PBXResourcesBuildPhase section */

/* Begin PBXShellScriptBuildPhase section */
		17951E7EDDF40949387863DE /* [CP] Embed Pods Frameworks */ = {
			isa = PBXShellScriptBuildPhase;
			buildActionMask = 2147483647;
			files = (
			);
			inputFileListPaths = (
				"${PODS_ROOT}/Target Support Files/Pods-Example_iOS_5/Pods-Example_iOS_5-frameworks-${CONFIGURATION}-input-files.xcfilelist",
			);
			name = "[CP] Embed Pods Frameworks";
			outputFileListPaths = (
				"${PODS_ROOT}/Target Support Files/Pods-Example_iOS_5/Pods-Example_iOS_5-frameworks-${CONFIGURATION}-output-files.xcfilelist",
			);
			runOnlyForDeploymentPostprocessing = 0;
			shellPath = /bin/sh;
			shellScript = "\"${PODS_ROOT}/Target Support Files/Pods-Example_iOS_5/Pods-Example_iOS_5-frameworks.sh\"\n";
			showEnvVarsInLog = 0;
		};
		EEE8081176EB8612A0B283BE /* [CP] Check Pods Manifest.lock */ = {
			isa = PBXShellScriptBuildPhase;
			buildActionMask = 2147483647;
			files = (
			);
			inputFileListPaths = (
			);
			inputPaths = (
				"${PODS_PODFILE_DIR_PATH}/Podfile.lock",
				"${PODS_ROOT}/Manifest.lock",
			);
			name = "[CP] Check Pods Manifest.lock";
			outputFileListPaths = (
			);
			outputPaths = (
				"$(DERIVED_FILE_DIR)/Pods-Example_iOS_5-checkManifestLockResult.txt",
			);
			runOnlyForDeploymentPostprocessing = 0;
			shellPath = /bin/sh;
			shellScript = "diff \"${PODS_PODFILE_DIR_PATH}/Podfile.lock\" \"${PODS_ROOT}/Manifest.lock\" > /dev/null\nif [ $? != 0 ] ; then\n    # print error to STDERR\n    echo \"error: The sandbox is not in sync with the Podfile.lock. Run 'pod install' or update your CocoaPods installation.\" >&2\n    exit 1\nfi\n# This output is used by Xcode 'outputs' to avoid re-running this script phase.\necho \"SUCCESS\" > \"${SCRIPT_OUTPUT_FILE_0}\"\n";
			showEnvVarsInLog = 0;
		};
/* End PBXShellScriptBuildPhase section */

/* Begin PBXSourcesBuildPhase section */
		EA4479C2252315AA00100BE9 /* Sources */ = {
			isa = PBXSourcesBuildPhase;
			buildActionMask = 2147483647;
			files = (
				EA4479CE252315AA00100BE9 /* ViewController.swift in Sources */,
				EA4479CA252315AA00100BE9 /* AppDelegate.swift in Sources */,
				EA4479CC252315AA00100BE9 /* SceneDelegate.swift in Sources */,
			);
			runOnlyForDeploymentPostprocessing = 0;
		};
/* End PBXSourcesBuildPhase section */

/* Begin PBXVariantGroup section */
		EA4479CF252315AA00100BE9 /* Main.storyboard */ = {
			isa = PBXVariantGroup;
			children = (
				EA4479D0252315AA00100BE9 /* Base */,
			);
			name = Main.storyboard;
			sourceTree = "<group>";
		};
		EA4479D4252315AB00100BE9 /* LaunchScreen.storyboard */ = {
			isa = PBXVariantGroup;
			children = (
				EA4479D5252315AB00100BE9 /* Base */,
			);
			name = LaunchScreen.storyboard;
			sourceTree = "<group>";
		};
/* End PBXVariantGroup section */

/* Begin XCBuildConfiguration section */
		EA4479D8252315AB00100BE9 /* Debug */ = {
			isa = XCBuildConfiguration;
			buildSettings = {
				ALWAYS_SEARCH_USER_PATHS = NO;
				CLANG_ANALYZER_NONNULL = YES;
				CLANG_ANALYZER_NUMBER_OBJECT_CONVERSION = YES_AGGRESSIVE;
				CLANG_CXX_LANGUAGE_STANDARD = "gnu++14";
				CLANG_CXX_LIBRARY = "libc++";
				CLANG_ENABLE_MODULES = YES;
				CLANG_ENABLE_OBJC_ARC = YES;
				CLANG_ENABLE_OBJC_WEAK = YES;
				CLANG_WARN_BLOCK_CAPTURE_AUTORELEASING = YES;
				CLANG_WARN_BOOL_CONVERSION = YES;
				CLANG_WARN_COMMA = YES;
				CLANG_WARN_CONSTANT_CONVERSION = YES;
				CLANG_WARN_DEPRECATED_OBJC_IMPLEMENTATIONS = YES;
				CLANG_WARN_DIRECT_OBJC_ISA_USAGE = YES_ERROR;
				CLANG_WARN_DOCUMENTATION_COMMENTS = YES;
				CLANG_WARN_EMPTY_BODY = YES;
				CLANG_WARN_ENUM_CONVERSION = YES;
				CLANG_WARN_INFINITE_RECURSION = YES;
				CLANG_WARN_INT_CONVERSION = YES;
				CLANG_WARN_NON_LITERAL_NULL_CONVERSION = YES;
				CLANG_WARN_OBJC_IMPLICIT_RETAIN_SELF = YES;
				CLANG_WARN_OBJC_LITERAL_CONVERSION = YES;
				CLANG_WARN_OBJC_ROOT_CLASS = YES_ERROR;
				CLANG_WARN_QUOTED_INCLUDE_IN_FRAMEWORK_HEADER = YES;
				CLANG_WARN_RANGE_LOOP_ANALYSIS = YES;
				CLANG_WARN_STRICT_PROTOTYPES = YES;
				CLANG_WARN_SUSPICIOUS_MOVE = YES;
				CLANG_WARN_UNGUARDED_AVAILABILITY = YES_AGGRESSIVE;
				CLANG_WARN_UNREACHABLE_CODE = YES;
				CLANG_WARN__DUPLICATE_METHOD_MATCH = YES;
				COPY_PHASE_STRIP = NO;
				DEBUG_INFORMATION_FORMAT = dwarf;
				ENABLE_STRICT_OBJC_MSGSEND = YES;
				ENABLE_TESTABILITY = YES;
				GCC_C_LANGUAGE_STANDARD = gnu11;
				GCC_DYNAMIC_NO_PIC = NO;
				GCC_NO_COMMON_BLOCKS = YES;
				GCC_OPTIMIZATION_LEVEL = 0;
				GCC_PREPROCESSOR_DEFINITIONS = (
					"DEBUG=1",
					"$(inherited)",
				);
				GCC_WARN_64_TO_32_BIT_CONVERSION = YES;
				GCC_WARN_ABOUT_RETURN_TYPE = YES_ERROR;
				GCC_WARN_UNDECLARED_SELECTOR = YES;
				GCC_WARN_UNINITIALIZED_AUTOS = YES_AGGRESSIVE;
				GCC_WARN_UNUSED_FUNCTION = YES;
				GCC_WARN_UNUSED_VARIABLE = YES;
				IPHONEOS_DEPLOYMENT_TARGET = 14.0;
				MTL_ENABLE_DEBUG_INFO = INCLUDE_SOURCE;
				MTL_FAST_MATH = YES;
				ONLY_ACTIVE_ARCH = YES;
				SDKROOT = iphoneos;
				SWIFT_ACTIVE_COMPILATION_CONDITIONS = DEBUG;
				SWIFT_OPTIMIZATION_LEVEL = "-Onone";
			};
			name = Debug;
		};
		EA4479D9252315AB00100BE9 /* Release */ = {
			isa = XCBuildConfiguration;
			buildSettings = {
				ALWAYS_SEARCH_USER_PATHS = NO;
				CLANG_ANALYZER_NONNULL = YES;
				CLANG_ANALYZER_NUMBER_OBJECT_CONVERSION = YES_AGGRESSIVE;
				CLANG_CXX_LANGUAGE_STANDARD = "gnu++14";
				CLANG_CXX_LIBRARY = "libc++";
				CLANG_ENABLE_MODULES = YES;
				CLANG_ENABLE_OBJC_ARC = YES;
				CLANG_ENABLE_OBJC_WEAK = YES;
				CLANG_WARN_BLOCK_CAPTURE_AUTORELEASING = YES;
				CLANG_WARN_BOOL_CONVERSION = YES;
				CLANG_WARN_COMMA = YES;
				CLANG_WARN_CONSTANT_CONVERSION = YES;
				CLANG_WARN_DEPRECATED_OBJC_IMPLEMENTATIONS = YES;
				CLANG_WARN_DIRECT_OBJC_ISA_USAGE = YES_ERROR;
				CLANG_WARN_DOCUMENTATION_COMMENTS = YES;
				CLANG_WARN_EMPTY_BODY = YES;
				CLANG_WARN_ENUM_CONVERSION = YES;
				CLANG_WARN_INFINITE_RECURSION = YES;
				CLANG_WARN_INT_CONVERSION = YES;
				CLANG_WARN_NON_LITERAL_NULL_CONVERSION = YES;
				CLANG_WARN_OBJC_IMPLICIT_RETAIN_SELF = YES;
				CLANG_WARN_OBJC_LITERAL_CONVERSION = YES;
				CLANG_WARN_OBJC_ROOT_CLASS = YES_ERROR;
				CLANG_WARN_QUOTED_INCLUDE_IN_FRAMEWORK_HEADER = YES;
				CLANG_WARN_RANGE_LOOP_ANALYSIS = YES;
				CLANG_WARN_STRICT_PROTOTYPES = YES;
				CLANG_WARN_SUSPICIOUS_MOVE = YES;
				CLANG_WARN_UNGUARDED_AVAILABILITY = YES_AGGRESSIVE;
				CLANG_WARN_UNREACHABLE_CODE = YES;
				CLANG_WARN__DUPLICATE_METHOD_MATCH = YES;
				COPY_PHASE_STRIP = NO;
				DEBUG_INFORMATION_FORMAT = "dwarf-with-dsym";
				ENABLE_NS_ASSERTIONS = NO;
				ENABLE_STRICT_OBJC_MSGSEND = YES;
				GCC_C_LANGUAGE_STANDARD = gnu11;
				GCC_NO_COMMON_BLOCKS = YES;
				GCC_WARN_64_TO_32_BIT_CONVERSION = YES;
				GCC_WARN_ABOUT_RETURN_TYPE = YES_ERROR;
				GCC_WARN_UNDECLARED_SELECTOR = YES;
				GCC_WARN_UNINITIALIZED_AUTOS = YES_AGGRESSIVE;
				GCC_WARN_UNUSED_FUNCTION = YES;
				GCC_WARN_UNUSED_VARIABLE = YES;
				IPHONEOS_DEPLOYMENT_TARGET = 14.0;
				MTL_ENABLE_DEBUG_INFO = NO;
				MTL_FAST_MATH = YES;
				SDKROOT = iphoneos;
				SWIFT_COMPILATION_MODE = wholemodule;
				SWIFT_OPTIMIZATION_LEVEL = "-O";
				VALIDATE_PRODUCT = YES;
			};
			name = Release;
		};
		EA4479DB252315AB00100BE9 /* Debug */ = {
			isa = XCBuildConfiguration;
			baseConfigurationReference = 3991B4DC1D75AD96E15239A7 /* Pods-Example_iOS_5.debug.xcconfig */;
			buildSettings = {
				ASSETCATALOG_COMPILER_APPICON_NAME = AppIcon;
				ASSETCATALOG_COMPILER_GLOBAL_ACCENT_COLOR_NAME = AccentColor;
				CODE_SIGN_STYLE = Automatic;
				DEVELOPMENT_TEAM = R8KZ56BU5K;
				INFOPLIST_FILE = Example_iOS_5/Info.plist;
				LD_RUNPATH_SEARCH_PATHS = (
					"$(inherited)",
					"@executable_path/Frameworks",
				);
				PRODUCT_BUNDLE_IDENTIFIER = "it.digitalidea.Example-iOS-5";
				PRODUCT_NAME = "$(TARGET_NAME)";
				SWIFT_VERSION = 5.0;
				TARGETED_DEVICE_FAMILY = "1,2";
			};
			name = Debug;
		};
		EA4479DC252315AB00100BE9 /* Release */ = {
			isa = XCBuildConfiguration;
			baseConfigurationReference = 113B23B9858C07A760181ABB /* Pods-Example_iOS_5.release.xcconfig */;
			buildSettings = {
				ASSETCATALOG_COMPILER_APPICON_NAME = AppIcon;
				ASSETCATALOG_COMPILER_GLOBAL_ACCENT_COLOR_NAME = AccentColor;
				CODE_SIGN_STYLE = Automatic;
				DEVELOPMENT_TEAM = R8KZ56BU5K;
				INFOPLIST_FILE = Example_iOS_5/Info.plist;
				LD_RUNPATH_SEARCH_PATHS = (
					"$(inherited)",
					"@executable_path/Frameworks",
				);
				PRODUCT_BUNDLE_IDENTIFIER = "it.digitalidea.Example-iOS-5";
				PRODUCT_NAME = "$(TARGET_NAME)";
				SWIFT_VERSION = 5.0;
				TARGETED_DEVICE_FAMILY = "1,2";
			};
			name = Release;
		};
/* End XCBuildConfiguration section */

/* Begin XCConfigurationList section */
		EA4479C1252315AA00100BE9 /* Build configuration list for PBXProject "Example_iOS_5" */ = {
			isa = XCConfigurationList;
			buildConfigurations = (
				EA4479D8252315AB00100BE9 /* Debug */,
				EA4479D9252315AB00100BE9 /* Release */,
			);
			defaultConfigurationIsVisible = 0;
			defaultConfigurationName = Release;
		};
		EA4479DA252315AB00100BE9 /* Build configuration list for PBXNativeTarget "Example_iOS_5" */ = {
			isa = XCConfigurationList;
			buildConfigurations = (
				EA4479DB252315AB00100BE9 /* Debug */,
				EA4479DC252315AB00100BE9 /* Release */,
			);
			defaultConfigurationIsVisible = 0;
			defaultConfigurationName = Release;
		};
/* End XCConfigurationList section */
	};
	rootObject = EA4479BE252315AA00100BE9 /* Project object */;
}
